// !$*UTF8*$!
{
	archiveVersion = 1;
	classes = {
	};
	objectVersion = 50;
	objects = {

/* Begin PBXBuildFile section */
		83288C0A25B85FE900E00298 /* Data.xcdatamodeld in Sources */ = {isa = PBXBuildFile; fileRef = 83288C0825B85FE900E00298 /* Data.xcdatamodeld */; };
		83EC122C25BAD2D10094A3DA /* Persistance.swift in Sources */ = {isa = PBXBuildFile; fileRef = 83EC122B25BAD2D10094A3DA /* Persistance.swift */; };
		9B28DF7925AF0E2F00277B24 /* ToDoView.swift in Sources */ = {isa = PBXBuildFile; fileRef = 9B28DF7825AF0E2E00277B24 /* ToDoView.swift */; };
		9B28DF7C25AF0ECB00277B24 /* DataModel.swift in Sources */ = {isa = PBXBuildFile; fileRef = 9B28DF7B25AF0ECB00277B24 /* DataModel.swift */; };
		9B28DF8125AF1C4B00277B24 /* FullListOfTasks.swift in Sources */ = {isa = PBXBuildFile; fileRef = 9B28DF8025AF1C4B00277B24 /* FullListOfTasks.swift */; };
		9B28DF8925B1854700277B24 /* AddNewTaskView.swift in Sources */ = {isa = PBXBuildFile; fileRef = 9B28DF8825B1854700277B24 /* AddNewTaskView.swift */; };
		9B683A0525B341DF00DDB678 /* TimerView.swift in Sources */ = {isa = PBXBuildFile; fileRef = 9B683A0425B341DF00DDB678 /* TimerView.swift */; };
		9BA271B625B566840098E8E2 /* TimerManager.swift in Sources */ = {isa = PBXBuildFile; fileRef = 9BA271B525B566840098E8E2 /* TimerManager.swift */; };
		9BA271BC25B58C120098E8E2 /* SettingsView.swift in Sources */ = {isa = PBXBuildFile; fileRef = 9BA271BB25B58C120098E8E2 /* SettingsView.swift */; };
		9BE9E33D25AF08AA0011DFD9 /* PomodoroApp.swift in Sources */ = {isa = PBXBuildFile; fileRef = 9BE9E33C25AF08AA0011DFD9 /* PomodoroApp.swift */; };
		9BE9E33F25AF08AA0011DFD9 /* ContentView.swift in Sources */ = {isa = PBXBuildFile; fileRef = 9BE9E33E25AF08AA0011DFD9 /* ContentView.swift */; };
		9BE9E34125AF08B00011DFD9 /* Assets.xcassets in Resources */ = {isa = PBXBuildFile; fileRef = 9BE9E34025AF08B00011DFD9 /* Assets.xcassets */; };
		9BE9E34425AF08B00011DFD9 /* Preview Assets.xcassets in Resources */ = {isa = PBXBuildFile; fileRef = 9BE9E34325AF08B00011DFD9 /* Preview Assets.xcassets */; };
/* End PBXBuildFile section */

/* Begin PBXFileReference section */
		83288C0925B85FE900E00298 /* CoreDataModel.xcdatamodel */ = {isa = PBXFileReference; lastKnownFileType = wrapper.xcdatamodel; path = CoreDataModel.xcdatamodel; sourceTree = "<group>"; };
		83EC122B25BAD2D10094A3DA /* Persistance.swift */ = {isa = PBXFileReference; lastKnownFileType = sourcecode.swift; path = Persistance.swift; sourceTree = "<group>"; };
		9B28DF7825AF0E2E00277B24 /* ToDoView.swift */ = {isa = PBXFileReference; lastKnownFileType = sourcecode.swift; path = ToDoView.swift; sourceTree = "<group>"; };
		9B28DF7B25AF0ECB00277B24 /* DataModel.swift */ = {isa = PBXFileReference; lastKnownFileType = sourcecode.swift; path = DataModel.swift; sourceTree = "<group>"; };
		9B28DF8025AF1C4B00277B24 /* FullListOfTasks.swift */ = {isa = PBXFileReference; lastKnownFileType = sourcecode.swift; path = FullListOfTasks.swift; sourceTree = "<group>"; };
		9B28DF8825B1854700277B24 /* AddNewTaskView.swift */ = {isa = PBXFileReference; lastKnownFileType = sourcecode.swift; path = AddNewTaskView.swift; sourceTree = "<group>"; };
		9B683A0425B341DF00DDB678 /* TimerView.swift */ = {isa = PBXFileReference; lastKnownFileType = sourcecode.swift; path = TimerView.swift; sourceTree = "<group>"; };
		9BA271B525B566840098E8E2 /* TimerManager.swift */ = {isa = PBXFileReference; lastKnownFileType = sourcecode.swift; path = TimerManager.swift; sourceTree = "<group>"; };
		9BA271BB25B58C120098E8E2 /* SettingsView.swift */ = {isa = PBXFileReference; lastKnownFileType = sourcecode.swift; path = SettingsView.swift; sourceTree = "<group>"; };
		9BE9E33925AF08AA0011DFD9 /* Pomodoro.app */ = {isa = PBXFileReference; explicitFileType = wrapper.application; includeInIndex = 0; path = Pomodoro.app; sourceTree = BUILT_PRODUCTS_DIR; };
		9BE9E33C25AF08AA0011DFD9 /* PomodoroApp.swift */ = {isa = PBXFileReference; lastKnownFileType = sourcecode.swift; path = PomodoroApp.swift; sourceTree = "<group>"; };
		9BE9E33E25AF08AA0011DFD9 /* ContentView.swift */ = {isa = PBXFileReference; lastKnownFileType = sourcecode.swift; path = ContentView.swift; sourceTree = "<group>"; };
		9BE9E34025AF08B00011DFD9 /* Assets.xcassets */ = {isa = PBXFileReference; lastKnownFileType = folder.assetcatalog; path = Assets.xcassets; sourceTree = "<group>"; };
		9BE9E34325AF08B00011DFD9 /* Preview Assets.xcassets */ = {isa = PBXFileReference; lastKnownFileType = folder.assetcatalog; path = "Preview Assets.xcassets"; sourceTree = "<group>"; };
		9BE9E34525AF08B00011DFD9 /* Info.plist */ = {isa = PBXFileReference; lastKnownFileType = text.plist.xml; path = Info.plist; sourceTree = "<group>"; };
/* End PBXFileReference section */

/* Begin PBXFrameworksBuildPhase section */
		9BE9E33625AF08AA0011DFD9 /* Frameworks */ = {
			isa = PBXFrameworksBuildPhase;
			buildActionMask = 2147483647;
			files = (
			);
			runOnlyForDeploymentPostprocessing = 0;
		};
/* End PBXFrameworksBuildPhase section */

/* Begin PBXGroup section */
		83288C0725B85FC200E00298 /* CoreData */ = {
			isa = PBXGroup;
			children = (
				83288C0825B85FE900E00298 /* Data.xcdatamodeld */,
			);
			path = CoreData;
			sourceTree = "<group>";
		};
		9BE9E33025AF08AA0011DFD9 = {
			isa = PBXGroup;
			children = (
				9BE9E33B25AF08AA0011DFD9 /* Pomodoro */,
				9BE9E33A25AF08AA0011DFD9 /* Products */,
			);
			sourceTree = "<group>";
		};
		9BE9E33A25AF08AA0011DFD9 /* Products */ = {
			isa = PBXGroup;
			children = (
				9BE9E33925AF08AA0011DFD9 /* Pomodoro.app */,
			);
			name = Products;
			sourceTree = "<group>";
		};
		9BE9E33B25AF08AA0011DFD9 /* Pomodoro */ = {
			isa = PBXGroup;
			children = (
				9BE9E33C25AF08AA0011DFD9 /* PomodoroApp.swift */,
				9BE9E34C25AF092B0011DFD9 /* Views */,
				9BE9E34E25AF094B0011DFD9 /* Model */,
				83288C0725B85FC200E00298 /* CoreData */,
				9BE9E34025AF08B00011DFD9 /* Assets.xcassets */,
				9BE9E34525AF08B00011DFD9 /* Info.plist */,
				9BE9E34225AF08B00011DFD9 /* Preview Content */,
			);
			path = Pomodoro;
			sourceTree = "<group>";
		};
		9BE9E34225AF08B00011DFD9 /* Preview Content */ = {
			isa = PBXGroup;
			children = (
				9BE9E34325AF08B00011DFD9 /* Preview Assets.xcassets */,
			);
			path = "Preview Content";
			sourceTree = "<group>";
		};
		9BE9E34C25AF092B0011DFD9 /* Views */ = {
			isa = PBXGroup;
			children = (
				9BE9E33E25AF08AA0011DFD9 /* ContentView.swift */,
				9B28DF7825AF0E2E00277B24 /* ToDoView.swift */,
				9B28DF8025AF1C4B00277B24 /* FullListOfTasks.swift */,
				9B28DF8825B1854700277B24 /* AddNewTaskView.swift */,
				9B683A0425B341DF00DDB678 /* TimerView.swift */,
				9BA271BB25B58C120098E8E2 /* SettingsView.swift */,
			);
			name = Views;
			path = "New Group";
			sourceTree = "<group>";
		};
		9BE9E34E25AF094B0011DFD9 /* Model */ = {
			isa = PBXGroup;
			children = (
				9B28DF7B25AF0ECB00277B24 /* DataModel.swift */,
				9BA271B525B566840098E8E2 /* TimerManager.swift */,
				83EC122B25BAD2D10094A3DA /* Persistance.swift */,
			);
			path = Model;
			sourceTree = "<group>";
		};
/* End PBXGroup section */

/* Begin PBXNativeTarget section */
		9BE9E33825AF08AA0011DFD9 /* Pomodoro */ = {
			isa = PBXNativeTarget;
			buildConfigurationList = 9BE9E34825AF08B00011DFD9 /* Build configuration list for PBXNativeTarget "Pomodoro" */;
			buildPhases = (
				9BE9E33525AF08AA0011DFD9 /* Sources */,
				9BE9E33625AF08AA0011DFD9 /* Frameworks */,
				9BE9E33725AF08AA0011DFD9 /* Resources */,
			);
			buildRules = (
			);
			dependencies = (
			);
			name = Pomodoro;
			productName = Pomodoro;
			productReference = 9BE9E33925AF08AA0011DFD9 /* Pomodoro.app */;
			productType = "com.apple.product-type.application";
		};
/* End PBXNativeTarget section */

/* Begin PBXProject section */
		9BE9E33125AF08AA0011DFD9 /* Project object */ = {
			isa = PBXProject;
			attributes = {
				LastSwiftUpdateCheck = 1230;
				LastUpgradeCheck = 1230;
				TargetAttributes = {
					9BE9E33825AF08AA0011DFD9 = {
						CreatedOnToolsVersion = 12.3;
					};
				};
			};
			buildConfigurationList = 9BE9E33425AF08AA0011DFD9 /* Build configuration list for PBXProject "Pomodoro" */;
			compatibilityVersion = "Xcode 9.3";
			developmentRegion = en;
			hasScannedForEncodings = 0;
			knownRegions = (
				en,
				Base,
			);
			mainGroup = 9BE9E33025AF08AA0011DFD9;
			productRefGroup = 9BE9E33A25AF08AA0011DFD9 /* Products */;
			projectDirPath = "";
			projectRoot = "";
			targets = (
				9BE9E33825AF08AA0011DFD9 /* Pomodoro */,
			);
		};
/* End PBXProject section */

/* Begin PBXResourcesBuildPhase section */
		9BE9E33725AF08AA0011DFD9 /* Resources */ = {
			isa = PBXResourcesBuildPhase;
			buildActionMask = 2147483647;
			files = (
				9BE9E34425AF08B00011DFD9 /* Preview Assets.xcassets in Resources */,
				9BE9E34125AF08B00011DFD9 /* Assets.xcassets in Resources */,
			);
			runOnlyForDeploymentPostprocessing = 0;
		};
/* End PBXResourcesBuildPhase section */

/* Begin PBXSourcesBuildPhase section */
		9BE9E33525AF08AA0011DFD9 /* Sources */ = {
			isa = PBXSourcesBuildPhase;
			buildActionMask = 2147483647;
			files = (
				9B28DF7C25AF0ECB00277B24 /* DataModel.swift in Sources */,
				9BE9E33F25AF08AA0011DFD9 /* ContentView.swift in Sources */,
				9B683A0525B341DF00DDB678 /* TimerView.swift in Sources */,
				9BA271BC25B58C120098E8E2 /* SettingsView.swift in Sources */,
				83288C0A25B85FE900E00298 /* Data.xcdatamodeld in Sources */,
				83EC122C25BAD2D10094A3DA /* Persistance.swift in Sources */,
				9B28DF7925AF0E2F00277B24 /* ToDoView.swift in Sources */,
				9BE9E33D25AF08AA0011DFD9 /* PomodoroApp.swift in Sources */,
				9B28DF8125AF1C4B00277B24 /* FullListOfTasks.swift in Sources */,
				9BA271B625B566840098E8E2 /* TimerManager.swift in Sources */,
				9B28DF8925B1854700277B24 /* AddNewTaskView.swift in Sources */,
			);
			runOnlyForDeploymentPostprocessing = 0;
		};
/* End PBXSourcesBuildPhase section */

/* Begin XCBuildConfiguration section */
		9BE9E34625AF08B00011DFD9 /* Debug */ = {
			isa = XCBuildConfiguration;
			buildSettings = {
				ALWAYS_SEARCH_USER_PATHS = NO;
				CLANG_ANALYZER_NONNULL = YES;
				CLANG_ANALYZER_NUMBER_OBJECT_CONVERSION = YES_AGGRESSIVE;
				CLANG_CXX_LANGUAGE_STANDARD = "gnu++14";
				CLANG_CXX_LIBRARY = "libc++";
				CLANG_ENABLE_MODULES = YES;
				CLANG_ENABLE_OBJC_ARC = YES;
				CLANG_ENABLE_OBJC_WEAK = YES;
				CLANG_WARN_BLOCK_CAPTURE_AUTORELEASING = YES;
				CLANG_WARN_BOOL_CONVERSION = YES;
				CLANG_WARN_COMMA = YES;
				CLANG_WARN_CONSTANT_CONVERSION = YES;
				CLANG_WARN_DEPRECATED_OBJC_IMPLEMENTATIONS = YES;
				CLANG_WARN_DIRECT_OBJC_ISA_USAGE = YES_ERROR;
				CLANG_WARN_DOCUMENTATION_COMMENTS = YES;
				CLANG_WARN_EMPTY_BODY = YES;
				CLANG_WARN_ENUM_CONVERSION = YES;
				CLANG_WARN_INFINITE_RECURSION = YES;
				CLANG_WARN_INT_CONVERSION = YES;
				CLANG_WARN_NON_LITERAL_NULL_CONVERSION = YES;
				CLANG_WARN_OBJC_IMPLICIT_RETAIN_SELF = YES;
				CLANG_WARN_OBJC_LITERAL_CONVERSION = YES;
				CLANG_WARN_OBJC_ROOT_CLASS = YES_ERROR;
				CLANG_WARN_QUOTED_INCLUDE_IN_FRAMEWORK_HEADER = YES;
				CLANG_WARN_RANGE_LOOP_ANALYSIS = YES;
				CLANG_WARN_STRICT_PROTOTYPES = YES;
				CLANG_WARN_SUSPICIOUS_MOVE = YES;
				CLANG_WARN_UNGUARDED_AVAILABILITY = YES_AGGRESSIVE;
				CLANG_WARN_UNREACHABLE_CODE = YES;
				CLANG_WARN__DUPLICATE_METHOD_MATCH = YES;
				COPY_PHASE_STRIP = NO;
				DEBUG_INFORMATION_FORMAT = dwarf;
				ENABLE_STRICT_OBJC_MSGSEND = YES;
				ENABLE_TESTABILITY = YES;
				GCC_C_LANGUAGE_STANDARD = gnu11;
				GCC_DYNAMIC_NO_PIC = NO;
				GCC_NO_COMMON_BLOCKS = YES;
				GCC_OPTIMIZATION_LEVEL = 0;
				GCC_PREPROCESSOR_DEFINITIONS = (
					"DEBUG=1",
					"$(inherited)",
				);
				GCC_WARN_64_TO_32_BIT_CONVERSION = YES;
				GCC_WARN_ABOUT_RETURN_TYPE = YES_ERROR;
				GCC_WARN_UNDECLARED_SELECTOR = YES;
				GCC_WARN_UNINITIALIZED_AUTOS = YES_AGGRESSIVE;
				GCC_WARN_UNUSED_FUNCTION = YES;
				GCC_WARN_UNUSED_VARIABLE = YES;
				IPHONEOS_DEPLOYMENT_TARGET = 14.3;
				MTL_ENABLE_DEBUG_INFO = INCLUDE_SOURCE;
				MTL_FAST_MATH = YES;
				ONLY_ACTIVE_ARCH = YES;
				SDKROOT = iphoneos;
				SWIFT_ACTIVE_COMPILATION_CONDITIONS = DEBUG;
				SWIFT_OPTIMIZATION_LEVEL = "-Onone";
			};
			name = Debug;
		};
		9BE9E34725AF08B00011DFD9 /* Release */ = {
			isa = XCBuildConfiguration;
			buildSettings = {
				ALWAYS_SEARCH_USER_PATHS = NO;
				CLANG_ANALYZER_NONNULL = YES;
				CLANG_ANALYZER_NUMBER_OBJECT_CONVERSION = YES_AGGRESSIVE;
				CLANG_CXX_LANGUAGE_STANDARD = "gnu++14";
				CLANG_CXX_LIBRARY = "libc++";
				CLANG_ENABLE_MODULES = YES;
				CLANG_ENABLE_OBJC_ARC = YES;
				CLANG_ENABLE_OBJC_WEAK = YES;
				CLANG_WARN_BLOCK_CAPTURE_AUTORELEASING = YES;
				CLANG_WARN_BOOL_CONVERSION = YES;
				CLANG_WARN_COMMA = YES;
				CLANG_WARN_CONSTANT_CONVERSION = YES;
				CLANG_WARN_DEPRECATED_OBJC_IMPLEMENTATIONS = YES;
				CLANG_WARN_DIRECT_OBJC_ISA_USAGE = YES_ERROR;
				CLANG_WARN_DOCUMENTATION_COMMENTS = YES;
				CLANG_WARN_EMPTY_BODY = YES;
				CLANG_WARN_ENUM_CONVERSION = YES;
				CLANG_WARN_INFINITE_RECURSION = YES;
				CLANG_WARN_INT_CONVERSION = YES;
				CLANG_WARN_NON_LITERAL_NULL_CONVERSION = YES;
				CLANG_WARN_OBJC_IMPLICIT_RETAIN_SELF = YES;
				CLANG_WARN_OBJC_LITERAL_CONVERSION = YES;
				CLANG_WARN_OBJC_ROOT_CLASS = YES_ERROR;
				CLANG_WARN_QUOTED_INCLUDE_IN_FRAMEWORK_HEADER = YES;
				CLANG_WARN_RANGE_LOOP_ANALYSIS = YES;
				CLANG_WARN_STRICT_PROTOTYPES = YES;
				CLANG_WARN_SUSPICIOUS_MOVE = YES;
				CLANG_WARN_UNGUARDED_AVAILABILITY = YES_AGGRESSIVE;
				CLANG_WARN_UNREACHABLE_CODE = YES;
				CLANG_WARN__DUPLICATE_METHOD_MATCH = YES;
				COPY_PHASE_STRIP = NO;
				DEBUG_INFORMATION_FORMAT = "dwarf-with-dsym";
				ENABLE_NS_ASSERTIONS = NO;
				ENABLE_STRICT_OBJC_MSGSEND = YES;
				GCC_C_LANGUAGE_STANDARD = gnu11;
				GCC_NO_COMMON_BLOCKS = YES;
				GCC_WARN_64_TO_32_BIT_CONVERSION = YES;
				GCC_WARN_ABOUT_RETURN_TYPE = YES_ERROR;
				GCC_WARN_UNDECLARED_SELECTOR = YES;
				GCC_WARN_UNINITIALIZED_AUTOS = YES_AGGRESSIVE;
				GCC_WARN_UNUSED_FUNCTION = YES;
				GCC_WARN_UNUSED_VARIABLE = YES;
				IPHONEOS_DEPLOYMENT_TARGET = 14.3;
				MTL_ENABLE_DEBUG_INFO = NO;
				MTL_FAST_MATH = YES;
				SDKROOT = iphoneos;
				SWIFT_COMPILATION_MODE = wholemodule;
				SWIFT_OPTIMIZATION_LEVEL = "-O";
				VALIDATE_PRODUCT = YES;
			};
			name = Release;
		};
		9BE9E34925AF08B00011DFD9 /* Debug */ = {
			isa = XCBuildConfiguration;
			buildSettings = {
				ASSETCATALOG_COMPILER_APPICON_NAME = AppIcon;
				ASSETCATALOG_COMPILER_GLOBAL_ACCENT_COLOR_NAME = AccentColor;
				CODE_SIGN_STYLE = Automatic;
				DEVELOPMENT_ASSET_PATHS = "\"Pomodoro/Preview Content\"";
				DEVELOPMENT_TEAM = 77R3944333;
				ENABLE_PREVIEWS = YES;
				INFOPLIST_FILE = Pomodoro/Info.plist;
				IPHONEOS_DEPLOYMENT_TARGET = 14.0;
				LD_RUNPATH_SEARCH_PATHS = (
					"$(inherited)",
					"@executable_path/Frameworks",
				);
				PRODUCT_BUNDLE_IDENTIFIER = IgorPotemkinApps.Pomodoro;
				PRODUCT_NAME = "$(TARGET_NAME)";
				SWIFT_VERSION = 5.0;
				TARGETED_DEVICE_FAMILY = 1;
			};
			name = Debug;
		};
		9BE9E34A25AF08B00011DFD9 /* Release */ = {
			isa = XCBuildConfiguration;
			buildSettings = {
				ASSETCATALOG_COMPILER_APPICON_NAME = AppIcon;
				ASSETCATALOG_COMPILER_GLOBAL_ACCENT_COLOR_NAME = AccentColor;
				CODE_SIGN_STYLE = Automatic;
				DEVELOPMENT_ASSET_PATHS = "\"Pomodoro/Preview Content\"";
				DEVELOPMENT_TEAM = 77R3944333;
				ENABLE_PREVIEWS = YES;
				INFOPLIST_FILE = Pomodoro/Info.plist;
				IPHONEOS_DEPLOYMENT_TARGET = 14.0;
				LD_RUNPATH_SEARCH_PATHS = (
					"$(inherited)",
					"@executable_path/Frameworks",
				);
				PRODUCT_BUNDLE_IDENTIFIER = IgorPotemkinApps.Pomodoro;
				PRODUCT_NAME = "$(TARGET_NAME)";
				SWIFT_VERSION = 5.0;
				TARGETED_DEVICE_FAMILY = 1;
			};
			name = Release;
		};
/* End XCBuildConfiguration section */

/* Begin XCConfigurationList section */
		9BE9E33425AF08AA0011DFD9 /* Build configuration list for PBXProject "Pomodoro" */ = {
			isa = XCConfigurationList;
			buildConfigurations = (
				9BE9E34625AF08B00011DFD9 /* Debug */,
				9BE9E34725AF08B00011DFD9 /* Release */,
			);
			defaultConfigurationIsVisible = 0;
			defaultConfigurationName = Release;
		};
		9BE9E34825AF08B00011DFD9 /* Build configuration list for PBXNativeTarget "Pomodoro" */ = {
			isa = XCConfigurationList;
			buildConfigurations = (
				9BE9E34925AF08B00011DFD9 /* Debug */,
				9BE9E34A25AF08B00011DFD9 /* Release */,
			);
			defaultConfigurationIsVisible = 0;
			defaultConfigurationName = Release;
		};
/* End XCConfigurationList section */

/* Begin XCVersionGroup section */
		83288C0825B85FE900E00298 /* Data.xcdatamodeld */ = {
			isa = XCVersionGroup;
			children = (
				83288C0925B85FE900E00298 /* CoreDataModel.xcdatamodel */,
			);
			currentVersion = 83288C0925B85FE900E00298 /* CoreDataModel.xcdatamodel */;
			path = Data.xcdatamodeld;
			sourceTree = "<group>";
			versionGroupType = wrapper.xcdatamodel;
		};
/* End XCVersionGroup section */
	};
	rootObject = 9BE9E33125AF08AA0011DFD9 /* Project object */;
}
